
Microsoft Visual Studio Solution File, Format Version 12.00
# Visual Studio Version 17
VisualStudioVersion = 17.0.31903.59
MinimumVisualStudioVersion = 10.0.40219.1
Project("{2150E333-8FDC-42A3-9474-1A3956D46DE8}") = "src", "src", "{059F5FC2-E6F0-4635-A903-780815DC854A}"
EndProject
Project("{FAE04EC0-301F-11D3-BF4B-00C04F79EFBC}") = "RayGui-cs", "src\RayGui-cs\RayGui-cs.csproj", "{0D12CC22-5157-4AC5-A1E0-5714762C6BA8}"
EndProject
Global
	GlobalSection(SolutionConfigurationPlatforms) = preSolution
		Debug|Any CPU = Debug|Any CPU
		Release|Any CPU = Release|Any CPU
	EndGlobalSection
	GlobalSection(SolutionProperties) = preSolution
		HideSolutionNode = FALSE
	EndGlobalSection
	GlobalSection(ProjectConfigurationPlatforms) = postSolution
		{0D12CC22-5157-4AC5-A1E0-5714762C6BA8}.Debug|Any CPU.ActiveCfg = Debug|Any CPU
		{0D12CC22-5157-4AC5-A1E0-5714762C6BA8}.Debug|Any CPU.Build.0 = Debug|Any CPU
		{0D12CC22-5157-4AC5-A1E0-5714762C6BA8}.Release|Any CPU.ActiveCfg = Release|Any CPU
		{0D12CC22-5157-4AC5-A1E0-5714762C6BA8}.Release|Any CPU.Build.0 = Release|Any CPU
	EndGlobalSection
	GlobalSection(NestedProjects) = preSolution
		{0D12CC22-5157-4AC5-A1E0-5714762C6BA8} = {059F5FC2-E6F0-4635-A903-780815DC854A}
	EndGlobalSection
EndGlobal
